
Microsoft Visual Studio Solution File, Format Version 12.00
# Visual Studio Version 16
VisualStudioVersion = 16.0.29509.3
MinimumVisualStudioVersion = 10.0.40219.1
Project("{FAE04EC0-301F-11D3-BF4B-00C04F79EFBC}") = "webapi", "webapi\webapi.csproj", "{EC06860A-9DC8-4274-9395-421604DA62F0}"
EndProject
Global
	GlobalSection(SolutionConfigurationPlatforms) = preSolution
		Debug|Any CPU = Debug|Any CPU
		Release|Any CPU = Release|Any CPU
	EndGlobalSection
	GlobalSection(ProjectConfigurationPlatforms) = postSolution
		{EC06860A-9DC8-4274-9395-421604DA62F0}.Debug|Any CPU.ActiveCfg = Debug|Any CPU
		{EC06860A-9DC8-4274-9395-421604DA62F0}.Debug|Any CPU.Build.0 = Debug|Any CPU
		{EC06860A-9DC8-4274-9395-421604DA62F0}.Release|Any CPU.ActiveCfg = Release|Any CPU
		{EC06860A-9DC8-4274-9395-421604DA62F0}.Release|Any CPU.Build.0 = Release|Any CPU
	EndGlobalSection
	GlobalSection(SolutionProperties) = preSolution
		HideSolutionNode = FALSE
	EndGlobalSection
	GlobalSection(ExtensibilityGlobals) = postSolution
		SolutionGuid = {F5FD686E-80E5-420F-893F-6BB3DDE9F5BF}
	EndGlobalSection
EndGlobal
